{
  "version": 4,
  "terraform_version": "1.15.5",
  "serial": 13,
  "lineage": "d0b02f79-e85a-8f75-0340-086ed3600f91",
  "outputs": {
    "server_ip": {
      "value": "51.158.104.57",
      "type": "string"
    },
    "ssh_command": {
      "value": "ssh root@51.158.104.57",
      "type": "string"
    }
  },
  "resources": [
    {
      "mode": "managed",
      "type": "scaleway_iam_ssh_key",
      "name": "demo",
      "provider": "provider[\"registry.terraform.io/scaleway/scaleway\"]",
      "instances": [
        {
          "schema_version": 0,
          "attributes": {
            "created_at": "2026-06-05T16:04:14Z",
            "disabled": false,
            "fingerprint": "256 MD5:43:36:d5:e7:95:07:0c:77:a5:30:31:b1:ed:16:68:29 (ssh-ed25519)",
            "id": "7e6f0036-58e1-42ce-b885-369554dd3ba0",
            "name": "demo-workshop-key",
            "organization_id": "c38ea4e1-7914-4113-a22c-195ed4e95b2d",
            "project_id": "3225ef01-1f86-47ca-8538-6db806673d4e",
            "public_key": "ssh-ed25519 AAAAC3NzaC1lZDI1NTE5AAAAIHHQ+p4FUb1FaAvDVEu0oKqH+ID/+ng3wpyEdMiNjIwp",
            "updated_at": "2026-06-05T16:04:14Z"
          },
          "sensitive_attributes": [],
          "identity_schema_version": 0,
          "identity": {
            "id": "7e6f0036-58e1-42ce-b885-369554dd3ba0"
          },
          "private": "bnVsbA=="
        }
      ]
    },
    {
      "mode": "managed",
      "type": "scaleway_instance_ip",
      "name": "public_ip",
      "provider": "provider[\"registry.terraform.io/scaleway/scaleway\"]",
      "instances": [
        {
          "schema_version": 0,
          "attributes": {
            "address": "51.158.104.57",
            "id": "fr-par-1/532c10c9-8c7e-4a66-b8b4-23971047da58",
            "organization_id": "c38ea4e1-7914-4113-a22c-195ed4e95b2d",
            "prefix": "51.158.104.57/32",
            "project_id": "3225ef01-1f86-47ca-8538-6db806673d4e",
            "reverse": "",
            "server_id": "fr-par-1/7e474c63-aae0-4013-8e29-b74f2b0a324d",
            "tags": null,
            "timeouts": null,
            "type": "routed_ipv4",
            "zone": "fr-par-1"
          },
          "sensitive_attributes": [],
          "identity_schema_version": 0,
          "identity": {
            "id": "532c10c9-8c7e-4a66-b8b4-23971047da58",
            "zone": "fr-par-1"
          },
          "private": "eyJlMmJmYjczMC1lY2FhLTExZTYtOGY4OC0zNDM2M2JjN2M0YzAiOnsiY3JlYXRlIjo2MDAwMDAwMDAwMCwiZGVmYXVsdCI6NjAwMDAwMDAwMDAsImRlbGV0ZSI6NjAwMDAwMDAwMDAsInJlYWQiOjYwMDAwMDAwMDAwLCJ1cGRhdGUiOjYwMDAwMDAwMDAwfX0="
        }
      ]
    },
    {
      "mode": "managed",
      "type": "scaleway_instance_server",
      "name": "demo",
      "provider": "provider[\"registry.terraform.io/scaleway/scaleway\"]",
      "instances": [
        {
          "schema_version": 0,
          "attributes": {
            "additional_volume_ids": [],
            "admin_password_encryption_ssh_key_id": null,
            "boot_type": "local",
            "bootscript_id": null,
            "cloud_init": null,
            "enable_dynamic_ip": false,
            "filesystems": [],
            "id": "fr-par-1/7e474c63-aae0-4013-8e29-b74f2b0a324d",
            "image": "ubuntu_jammy",
            "ip_id": "fr-par-1/532c10c9-8c7e-4a66-b8b4-23971047da58",
            "ip_ids": [],
            "name": "demo-rails-app",
            "organization_id": "c38ea4e1-7914-4113-a22c-195ed4e95b2d",
            "placement_group_id": null,
            "placement_group_policy_respected": null,
            "private_ips": [],
            "private_network": [],
            "project_id": "3225ef01-1f86-47ca-8538-6db806673d4e",
            "protected": false,
            "public_ips": [
              {
                "address": "51.158.104.57",
                "dynamic": false,
                "family": "inet",
                "gateway": "62.210.0.1",
                "id": "fr-par-1/532c10c9-8c7e-4a66-b8b4-23971047da58",
                "netmask": "32",
                "provisioning_mode": "dhcp"
              }
            ],
            "replace_on_type_change": false,
            "root_volume": [
              {
                "boot": false,
                "delete_on_termination": true,
                "name": "Ubuntu 22.04 Jammy Jellyfish_sbs_volume_0",
                "sbs_iops": 5000,
                "size_in_gb": 10,
                "volume_id": "fr-par-1/a577931e-55e6-429c-b99b-9bce94fbfd1c",
                "volume_type": "sbs_volume"
              }
            ],
            "security_group_id": "fr-par-1/9e7fab53-aac2-4969-8613-09b546e1d83f",
            "state": "started",
            "tags": [
              "demo",
              "rails",
              "workshop"
            ],
            "timeouts": null,
            "type": "DEV1-S",
            "user_data": {
              "ssh-host-fingerprints": "256 SHA256:wCR1NBFjDCqyZWIO+vXjYZRhShwAZCzXW7S+ZDeveT0 root@demo-rails-app (ECDSA)\n256 SHA256:XbnxBD3z93Hp0oOk8zCZlOxCbtonnv+cYDiRB3ADMBw root@demo-rails-app (ED25519)\n3072 SHA256:U+emBXT1DPx6mRE45EAY4pS+eSgPBWWw7qO4s86ucBc root@demo-rails-app (RSA)"
            },
            "zone": "fr-par-1"
          },
          "sensitive_attributes": [],
          "identity_schema_version": 0,
          "private": "eyJlMmJmYjczMC1lY2FhLTExZTYtOGY4OC0zNDM2M2JjN2M0YzAiOnsiY3JlYXRlIjoxMjAwMDAwMDAwMDAwLCJkZWZhdWx0IjoxMjAwMDAwMDAwMDAwLCJkZWxldGUiOjEyMDAwMDAwMDAwMDAsInJlYWQiOjEyMDAwMDAwMDAwMDAsInVwZGF0ZSI6MTIwMDAwMDAwMDAwMH19",
          "dependencies": [
            "scaleway_instance_ip.public_ip"
          ]
        }
      ]
    }
  ],
  "check_results": null
}
